
Microsoft Visual Studio Solution File, Format Version 12.00
# Visual Studio Version 17
VisualStudioVersion = 17.0.32112.339
MinimumVisualStudioVersion = 10.0.40219.1
Project("{9A19103F-16F7-4668-BE54-9A1E7A4F7556}") = "RemindMeBot", "RemindMeBot\RemindMeBot.csproj", "{1D15DE7C-DB75-429A-BEB4-8725ACF8C253}"
EndProject
Project("{E53339B2-1760-4266-BCC7-CA923CBCF16C}") = "docker-compose", "docker-compose.dcproj", "{7A5956F9-A2D7-4091-80CB-CFCD981CF91C}"
EndProject
Project("{9A19103F-16F7-4668-BE54-9A1E7A4F7556}") = "RemindMeBot.Tests.Unit", "RemindMeBot.Tests.Unit\RemindMeBot.Tests.Unit.csproj", "{92A8A983-3EBC-4783-8755-07907DBA35CF}"
EndProject
Project("{9A19103F-16F7-4668-BE54-9A1E7A4F7556}") = "ReminderFunctions", "ReminderFunctions\ReminderFunctions.csproj", "{4058B73A-4855-4F9F-9C7A-7BAED20E9EB0}"
EndProject
Project("{2150E333-8FDC-42A3-9474-1A3956D46DE8}") = "Solution Items", "Solution Items", "{2CA8213B-AA0F-446F-A088-995A2EB2B4E5}"
	ProjectSection(SolutionItems) = preProject
		.editorconfig = .editorconfig
	EndProjectSection
EndProject
Global
	GlobalSection(SolutionConfigurationPlatforms) = preSolution
		Debug|Any CPU = Debug|Any CPU
		Release|Any CPU = Release|Any CPU
	EndGlobalSection
	GlobalSection(ProjectConfigurationPlatforms) = postSolution
		{1D15DE7C-DB75-429A-BEB4-8725ACF8C253}.Debug|Any CPU.ActiveCfg = Debug|Any CPU
		{1D15DE7C-DB75-429A-BEB4-8725ACF8C253}.Debug|Any CPU.Build.0 = Debug|Any CPU
		{1D15DE7C-DB75-429A-BEB4-8725ACF8C253}.Release|Any CPU.ActiveCfg = Release|Any CPU
		{1D15DE7C-DB75-429A-BEB4-8725ACF8C253}.Release|Any CPU.Build.0 = Release|Any CPU
		{7A5956F9-A2D7-4091-80CB-CFCD981CF91C}.Debug|Any CPU.ActiveCfg = Debug|Any CPU
		{7A5956F9-A2D7-4091-80CB-CFCD981CF91C}.Debug|Any CPU.Build.0 = Debug|Any CPU
		{7A5956F9-A2D7-4091-80CB-CFCD981CF91C}.Release|Any CPU.ActiveCfg = Release|Any CPU
		{7A5956F9-A2D7-4091-80CB-CFCD981CF91C}.Release|Any CPU.Build.0 = Release|Any CPU
		{92A8A983-3EBC-4783-8755-07907DBA35CF}.Debug|Any CPU.ActiveCfg = Debug|Any CPU
		{92A8A983-3EBC-4783-8755-07907DBA35CF}.Debug|Any CPU.Build.0 = Debug|Any CPU
		{92A8A983-3EBC-4783-8755-07907DBA35CF}.Release|Any CPU.ActiveCfg = Release|Any CPU
		{92A8A983-3EBC-4783-8755-07907DBA35CF}.Release|Any CPU.Build.0 = Release|Any CPU
		{4058B73A-4855-4F9F-9C7A-7BAED20E9EB0}.Debug|Any CPU.ActiveCfg = Debug|Any CPU
		{4058B73A-4855-4F9F-9C7A-7BAED20E9EB0}.Debug|Any CPU.Build.0 = Debug|Any CPU
		{4058B73A-4855-4F9F-9C7A-7BAED20E9EB0}.Release|Any CPU.ActiveCfg = Release|Any CPU
		{4058B73A-4855-4F9F-9C7A-7BAED20E9EB0}.Release|Any CPU.Build.0 = Release|Any CPU
	EndGlobalSection
	GlobalSection(SolutionProperties) = preSolution
		HideSolutionNode = FALSE
	EndGlobalSection
	GlobalSection(ExtensibilityGlobals) = postSolution
		SolutionGuid = {372A4518-9C73-4D90-9D74-58E7F6C1035A}
	EndGlobalSection
EndGlobal
